
Microsoft Visual Studio Solution File, Format Version 12.00
# Visual Studio Version 17
VisualStudioVersion = 17.5.002.0
MinimumVisualStudioVersion = 10.0.40219.1
Project("{9A19103F-16F7-4668-BE54-9A1E7A4F7556}") = "sistema-celular-C#", "sistema-celular-C#.csproj", "{B4EF1ABF-827D-4831-A4E1-81D5E030DC93}"
EndProject
Global
	GlobalSection(SolutionConfigurationPlatforms) = preSolution
		Debug|Any CPU = Debug|Any CPU
		Release|Any CPU = Release|Any CPU
	EndGlobalSection
	GlobalSection(ProjectConfigurationPlatforms) = postSolution
		{B4EF1ABF-827D-4831-A4E1-81D5E030DC93}.Debug|Any CPU.ActiveCfg = Debug|Any CPU
		{B4EF1ABF-827D-4831-A4E1-81D5E030DC93}.Debug|Any CPU.Build.0 = Debug|Any CPU
		{B4EF1ABF-827D-4831-A4E1-81D5E030DC93}.Release|Any CPU.ActiveCfg = Release|Any CPU
		{B4EF1ABF-827D-4831-A4E1-81D5E030DC93}.Release|Any CPU.Build.0 = Release|Any CPU
	EndGlobalSection
	GlobalSection(SolutionProperties) = preSolution
		HideSolutionNode = FALSE
	EndGlobalSection
	GlobalSection(ExtensibilityGlobals) = postSolution
		SolutionGuid = {4A44E246-D873-4450-BEF7-0B291EEE5655}
	EndGlobalSection
EndGlobal
